
Microsoft Visual Studio Solution File, Format Version 12.00
# Visual Studio Version 17
VisualStudioVersion = 17.3.32825.248
MinimumVisualStudioVersion = 10.0.40219.1
Project("{FAE04EC0-301F-11D3-BF4B-00C04F79EFBC}") = "SimpleSingleProject", "SimpleSingleProject\SimpleSingleProject.csproj", "{7E687D85-F134-4A04-8FAB-CF1C9A021010}"
EndProject
Global
	GlobalSection(SolutionConfigurationPlatforms) = preSolution
		Debug|Any CPU = Debug|Any CPU
		Release|Any CPU = Release|Any CPU
	EndGlobalSection
	GlobalSection(ProjectConfigurationPlatforms) = postSolution
		{7E687D85-F134-4A04-8FAB-CF1C9A021010}.Debug|Any CPU.ActiveCfg = Debug|Any CPU
		{7E687D85-F134-4A04-8FAB-CF1C9A021010}.Debug|Any CPU.Build.0 = Debug|Any CPU
		{7E687D85-F134-4A04-8FAB-CF1C9A021010}.Release|Any CPU.ActiveCfg = Release|Any CPU
		{7E687D85-F134-4A04-8FAB-CF1C9A021010}.Release|Any CPU.Build.0 = Release|Any CPU
	EndGlobalSection
	GlobalSection(SolutionProperties) = preSolution
		HideSolutionNode = FALSE
	EndGlobalSection
	GlobalSection(ExtensibilityGlobals) = postSolution
		SolutionGuid = {6A14D36F-2838-4246-B65B-1B39ED8D80D1}
	EndGlobalSection
EndGlobal
